# This file was autogenerated by Stack.
# You should not edit this file by hand.
# For more information, please see the documentation at:
#   https://docs.haskellstack.org/en/stable/topics/lock_files

packages:
- completed:
    hackage: iwlib-0.1.0@sha256:226e4582d6878166a172ff98c868e25c4ed478ab28ab493498e464b1fe19d39a,921
    pantry-tree:
      sha256: f867a93991b791adf4c65bb91f385effee7e18bd78d8e0a61fd03f42f6073705
      size: 259
  original:
    hackage: iwlib-0.1.0
- completed:
    hackage: c2hs-0.28.8@sha256:7afc88133bd244e4a8fc483363a849bdb91e1b8587508e3524baae84e4ec32b8,9397
    pantry-tree:
      sha256: 2384bcc4fae1e954394bf420b08a2352e55b8dbe55ef45d30637ba51ac5794ec
      size: 17398
  original:
    hackage: c2hs-0.28.8
- completed:
    hackage: language-c-0.9.2@sha256:1319cd41de743c7015c8e96d15f95ca3162d969a51021007c34192eeee3deb73,4863
    pantry-tree:
      sha256: 7baa84b4336da566c6c58c8d3fb9cdb0592dc2ae7ab7c09dc7b2548c0a5eed89
      size: 3335
  original:
    hackage: language-c-0.9.2
- completed:
    hackage: alsa-mixer-0.3.0.1@sha256:e6e8d8f33fe549e72fe8cab54cfbc438e153286d013be2d149b31d145ba2f1d4,1202
    pantry-tree:
      sha256: bc2b4bc7db7900c63562e61a224190f9739f88924c481e4dd1cb7ce479a40ea2
      size: 334
  original:
    hackage: alsa-mixer-0.3.0.1
snapshots:
- completed:
    sha256: 1d72b33c0fc048e23f4f18fd76a6ad79dd1d8a3c054644098a71a09855e40c7c
    size: 524799
    url: https://raw.githubusercontent.com/commercialhaskell/stackage-snapshots/master/lts/14/17.yaml
  original: lts-14.17
